
Microsoft Visual Studio Solution File, Format Version 12.00
# Visual Studio Version 16
VisualStudioVersion = 16.0.31729.503
MinimumVisualStudioVersion = 10.0.40219.1
Project("{FAE04EC0-301F-11D3-BF4B-00C04F79EFBC}") = "BatchRename", "BatchRename\BatchRename.csproj", "{018513F8-1836-4A63-A396-AE0775D1162C}"
EndProject
Global
	GlobalSection(SolutionConfigurationPlatforms) = preSolution
		Debug|Any CPU = Debug|Any CPU
		Release|Any CPU = Release|Any CPU
	EndGlobalSection
	GlobalSection(ProjectConfigurationPlatforms) = postSolution
		{018513F8-1836-4A63-A396-AE0775D1162C}.Debug|Any CPU.ActiveCfg = Debug|Any CPU
		{018513F8-1836-4A63-A396-AE0775D1162C}.Debug|Any CPU.Build.0 = Debug|Any CPU
		{018513F8-1836-4A63-A396-AE0775D1162C}.Release|Any CPU.ActiveCfg = Release|Any CPU
		{018513F8-1836-4A63-A396-AE0775D1162C}.Release|Any CPU.Build.0 = Release|Any CPU
	EndGlobalSection
	GlobalSection(SolutionProperties) = preSolution
		HideSolutionNode = FALSE
	EndGlobalSection
	GlobalSection(ExtensibilityGlobals) = postSolution
		SolutionGuid = {FEEC18CE-F7D1-4900-B971-C1D8B86D31B5}
	EndGlobalSection
EndGlobal
